{
	"name": "gordonansell.com",
	"version": "0.0.1",
	"lockfileVersion": 2,
	"requires": true,
	"packages": {
		"": {
			"name": "gordonansell.com",
			"version": "0.0.1",
			"license": "MIT",
			"dependencies": {
				"greenfedora": "../js/greenfedora/"
			},
			"engines": {
				"node": ">=16"
			}
		},
		"../js/greenfedora": {
			"version": "0.5.0",
			"license": "MIT",
			"dependencies": {
				"@markdoc/markdoc": "*",
				"autoprefixer": "^10.4.7",
				"chokidar": "^3.5.3",
				"cli-progress": "^3.11.1",
				"dateformat": "^2.0.0",
				"debug": "^4.3.4",
				"dependency-graph": "^0.11.0",
				"dotenv": "^16.0.0",
				"express": "^4.18.1",
				"fast-glob": "^3.2.11",
				"gray-matter": "^4.0.2",
				"greenfedora-utils": "gordon-ansell/greenfedora-utils",
				"image-size": "^1.0.0",
				"js-beautify": "^1.14.3",
				"json-stringify-safe": "*",
				"lodash": "^4.17.21",
				"minimist": "^1.2.6",
				"node-fetch": "2.6.7",
				"nunjucks": "^3.2.2",
				"postcss": "^8.4.13",
				"sanitize-html": "^2.7.0",
				"sass": "*",
				"send-webmention": "^2.0.0",
				"sharp": "^0.30.4",
				"showdown": "^2.1.0",
				"striptags": "^3.2.0"
			},
			"bin": {
				"greenfedora": "index.js"
			},
			"devDependencies": {
				"ava": "^4.2.0"
			},
			"engines": {
				"node": ">=16"
			}
		},
		"node_modules/greenfedora": {
			"resolved": "../js/greenfedora",
			"link": true
		}
	},
	"dependencies": {
		"greenfedora": {
			"version": "file:../js/greenfedora",
			"requires": {
				"@markdoc/markdoc": "*",
				"autoprefixer": "^10.4.7",
				"ava": "^4.2.0",
				"chokidar": "^3.5.3",
				"cli-progress": "^3.11.1",
				"dateformat": "^2.0.0",
				"debug": "^4.3.4",
				"dependency-graph": "^0.11.0",
				"dotenv": "^16.0.0",
				"express": "^4.18.1",
				"fast-glob": "^3.2.11",
				"gray-matter": "^4.0.2",
				"greenfedora-utils": "gordon-ansell/greenfedora-utils",
				"image-size": "^1.0.0",
				"js-beautify": "^1.14.3",
				"json-stringify-safe": "*",
				"lodash": "^4.17.21",
				"minimist": "^1.2.6",
				"node-fetch": "2.6.7",
				"nunjucks": "^3.2.2",
				"postcss": "^8.4.13",
				"sanitize-html": "^2.7.0",
				"sass": "*",
				"send-webmention": "^2.0.0",
				"sharp": "^0.30.4",
				"showdown": "^2.1.0",
				"striptags": "^3.2.0"
			}
		}
	}
}
